PODS:
  - Flutter (1.0.0)
  - flutter_twitter_login (0.0.1):
    - Flutter
    - TwitterKit5
  - TwitterCore (3.2.0)
  - TwitterKit5 (5.2.0):
    - TwitterCore (>= 3.1.0)

DEPENDENCIES:
  - Flutter (from `/Users/shuhei/flutter/bin/cache/artifacts/engine/ios`)
  - flutter_twitter_login (from `/Users/shuhei/repo/oss/flutter_twitter_login/ios`)

SPEC REPOS:
  trunk:
    - TwitterCore
    - TwitterKit5

EXTERNAL SOURCES:
  Flutter:
    :path: "/Users/shuhei/flutter/bin/cache/artifacts/engine/ios"
  flutter_twitter_login:
    :path: "/Users/shuhei/repo/oss/flutter_twitter_login/ios"

SPEC CHECKSUMS:
  Flutter: 0e3d915762c693b495b44d77113d4970485de6ec
  flutter_twitter_login: 3b3b29753da0abd2f1524980e7a62b21592aac4c
  TwitterCore: 8cbc9ad34d91c63a0035ea05bfbfc0d7ca72a28c
  TwitterKit5: 64095dfefcf39be2355711ef27112d55e340d90e

PODFILE CHECKSUM: a97ef240ee4a8799708c3c5cb24eb529de31ebfe

COCOAPODS: 1.9.3
